{
  "name": "sch-v2x",
  "version": "1.0.0",
  "lockfileVersion": 1,
  "requires": true,
  "dependencies": {
    "leaflet.motion": {
      "version": "0.2.4",
      "resolved": "https://registry.npmjs.org/leaflet.motion/-/leaflet.motion-0.2.4.tgz",
      "integrity": "sha512-rstznbtrIIgzZukxd88d3DGlrgpq9G0VciBPz80kpc9ybXfFnzlkTMF1bSp3sXbcgvN5nu5ihcXnF4GYeT9DgA=="
    }
  }
}
